PODS:
  - AVOSCloud (2.6.10.2)
  - BlocksKit (2.2.5):
    - BlocksKit/All (= 2.2.5)
  - BlocksKit/All (2.2.5):
    - BlocksKit/Core
    - BlocksKit/DynamicDelegate
    - BlocksKit/MessageUI
    - BlocksKit/UIKit
  - BlocksKit/Core (2.2.5)
  - BlocksKit/DynamicDelegate (2.2.5)
  - BlocksKit/MessageUI (2.2.5):
    - BlocksKit/Core
    - BlocksKit/DynamicDelegate
  - BlocksKit/UIKit (2.2.5):
    - BlocksKit/Core
    - BlocksKit/DynamicDelegate

DEPENDENCIES:
  - AVOSCloud
  - BlocksKit (~> 2.2)

SPEC CHECKSUMS:
  AVOSCloud: 903429163bce9feabb4473ab07ea30ed47ba5db1
  BlocksKit: 4439e7f30a9f90743462ca63545a15c1f4304cef

COCOAPODS: 0.36.0.beta.2
